
Microsoft Visual Studio Solution File, Format Version 12.00
# Visual Studio Version 17
VisualStudioVersion = 17.1.32328.378
MinimumVisualStudioVersion = 10.0.40219.1
Project("{9A19103F-16F7-4668-BE54-9A1E7A4F7556}") = "DemoProject", "DemoProject\DemoProject.csproj", "{4336531C-1DE4-4660-B429-02BC13ACBBDE}"
EndProject
Global
	GlobalSection(SolutionConfigurationPlatforms) = preSolution
		Debug|Any CPU = Debug|Any CPU
		Release|Any CPU = Release|Any CPU
	EndGlobalSection
	GlobalSection(ProjectConfigurationPlatforms) = postSolution
		{4336531C-1DE4-4660-B429-02BC13ACBBDE}.Debug|Any CPU.ActiveCfg = Debug|Any CPU
		{4336531C-1DE4-4660-B429-02BC13ACBBDE}.Debug|Any CPU.Build.0 = Debug|Any CPU
		{4336531C-1DE4-4660-B429-02BC13ACBBDE}.Release|Any CPU.ActiveCfg = Release|Any CPU
		{4336531C-1DE4-4660-B429-02BC13ACBBDE}.Release|Any CPU.Build.0 = Release|Any CPU
	EndGlobalSection
	GlobalSection(SolutionProperties) = preSolution
		HideSolutionNode = FALSE
	EndGlobalSection
	GlobalSection(ExtensibilityGlobals) = postSolution
		SolutionGuid = {564F48FB-2A9A-43AF-A40A-5051A12F2B39}
	EndGlobalSection
EndGlobal
